// !$*UTF8*$!
{
	archiveVersion = 1;
	classes = {
	};
	objectVersion = 46;
	objects = {

/* Begin PBXBuildFile section */
		075284FE1C0E00F800750687 /* AppDelegate.swift in Sources */ = {isa = PBXBuildFile; fileRef = 075284FD1C0E00F800750687 /* AppDelegate.swift */; };
		075285001C0E00F800750687 /* ViewController.swift in Sources */ = {isa = PBXBuildFile; fileRef = 075284FF1C0E00F800750687 /* ViewController.swift */; };
		075285031C0E00F800750687 /* Main.storyboard in Resources */ = {isa = PBXBuildFile; fileRef = 075285011C0E00F800750687 /* Main.storyboard */; };
		075285051C0E00F800750687 /* Assets.xcassets in Resources */ = {isa = PBXBuildFile; fileRef = 075285041C0E00F800750687 /* Assets.xcassets */; };
		075285081C0E00F800750687 /* LaunchScreen.storyboard in Resources */ = {isa = PBXBuildFile; fileRef = 075285061C0E00F800750687 /* LaunchScreen.storyboard */; };
		075285101C0E023D00750687 /* TableViewMediator.swift in Sources */ = {isa = PBXBuildFile; fileRef = 0752850F1C0E023D00750687 /* TableViewMediator.swift */; };
		075285121C0E08B400750687 /* TableData.swift in Sources */ = {isa = PBXBuildFile; fileRef = 075285111C0E08B400750687 /* TableData.swift */; };
/* End PBXBuildFile section */

/* Begin PBXFileReference section */
		075284FA1C0E00F800750687 /* DataViewMediator.app */ = {isa = PBXFileReference; explicitFileType = wrapper.application; includeInIndex = 0; path = DataViewMediator.app; sourceTree = BUILT_PRODUCTS_DIR; };
		075284FD1C0E00F800750687 /* AppDelegate.swift */ = {isa = PBXFileReference; lastKnownFileType = sourcecode.swift; path = AppDelegate.swift; sourceTree = "<group>"; };
		075284FF1C0E00F800750687 /* ViewController.swift */ = {isa = PBXFileReference; lastKnownFileType = sourcecode.swift; path = ViewController.swift; sourceTree = "<group>"; };
		075285021C0E00F800750687 /* Base */ = {isa = PBXFileReference; lastKnownFileType = file.storyboard; name = Base; path = Base.lproj/Main.storyboard; sourceTree = "<group>"; };
		075285041C0E00F800750687 /* Assets.xcassets */ = {isa = PBXFileReference; lastKnownFileType = folder.assetcatalog; path = Assets.xcassets; sourceTree = "<group>"; };
		075285071C0E00F800750687 /* Base */ = {isa = PBXFileReference; lastKnownFileType = file.storyboard; name = Base; path = Base.lproj/LaunchScreen.storyboard; sourceTree = "<group>"; };
		075285091C0E00F800750687 /* Info.plist */ = {isa = PBXFileReference; lastKnownFileType = text.plist.xml; path = Info.plist; sourceTree = "<group>"; };
		0752850F1C0E023D00750687 /* TableViewMediator.swift */ = {isa = PBXFileReference; fileEncoding = 4; lastKnownFileType = sourcecode.swift; path = TableViewMediator.swift; sourceTree = "<group>"; };
		075285111C0E08B400750687 /* TableData.swift */ = {isa = PBXFileReference; fileEncoding = 4; lastKnownFileType = sourcecode.swift; path = TableData.swift; sourceTree = "<group>"; };
/* End PBXFileReference section */

/* Begin PBXFrameworksBuildPhase section */
		075284F71C0E00F800750687 /* Frameworks */ = {
			isa = PBXFrameworksBuildPhase;
			buildActionMask = 2147483647;
			files = (
			);
			runOnlyForDeploymentPostprocessing = 0;
		};
/* End PBXFrameworksBuildPhase section */

/* Begin PBXGroup section */
		075284F11C0E00F800750687 = {
			isa = PBXGroup;
			children = (
				075284FC1C0E00F800750687 /* DataViewMediator */,
				075284FB1C0E00F800750687 /* Products */,
			);
			sourceTree = "<group>";
		};
		075284FB1C0E00F800750687 /* Products */ = {
			isa = PBXGroup;
			children = (
				075284FA1C0E00F800750687 /* DataViewMediator.app */,
			);
			name = Products;
			sourceTree = "<group>";
		};
		075284FC1C0E00F800750687 /* DataViewMediator */ = {
			isa = PBXGroup;
			children = (
				075284FD1C0E00F800750687 /* AppDelegate.swift */,
				075284FF1C0E00F800750687 /* ViewController.swift */,
				075285011C0E00F800750687 /* Main.storyboard */,
				075285041C0E00F800750687 /* Assets.xcassets */,
				075285061C0E00F800750687 /* LaunchScreen.storyboard */,
				075285091C0E00F800750687 /* Info.plist */,
				0752850F1C0E023D00750687 /* TableViewMediator.swift */,
				075285111C0E08B400750687 /* TableData.swift */,
			);
			path = DataViewMediator;
			sourceTree = "<group>";
		};
/* End PBXGroup section */

/* Begin PBXNativeTarget section */
		075284F91C0E00F800750687 /* DataViewMediator */ = {
			isa = PBXNativeTarget;
			buildConfigurationList = 0752850C1C0E00F800750687 /* Build configuration list for PBXNativeTarget "DataViewMediator" */;
			buildPhases = (
				075284F61C0E00F800750687 /* Sources */,
				075284F71C0E00F800750687 /* Frameworks */,
				075284F81C0E00F800750687 /* Resources */,
			);
			buildRules = (
			);
			dependencies = (
			);
			name = DataViewMediator;
			productName = DataViewMediator;
			productReference = 075284FA1C0E00F800750687 /* DataViewMediator.app */;
			productType = "com.apple.product-type.application";
		};
/* End PBXNativeTarget section */

/* Begin PBXProject section */
		075284F21C0E00F800750687 /* Project object */ = {
			isa = PBXProject;
			attributes = {
				LastSwiftUpdateCheck = 0710;
				LastUpgradeCheck = 0710;
				ORGANIZATIONNAME = "Andrew Pleshkov";
				TargetAttributes = {
					075284F91C0E00F800750687 = {
						CreatedOnToolsVersion = 7.1.1;
					};
				};
			};
			buildConfigurationList = 075284F51C0E00F800750687 /* Build configuration list for PBXProject "DataViewMediator" */;
			compatibilityVersion = "Xcode 3.2";
			developmentRegion = English;
			hasScannedForEncodings = 0;
			knownRegions = (
				en,
				Base,
			);
			mainGroup = 075284F11C0E00F800750687;
			productRefGroup = 075284FB1C0E00F800750687 /* Products */;
			projectDirPath = "";
			projectRoot = "";
			targets = (
				075284F91C0E00F800750687 /* DataViewMediator */,
			);
		};
/* End PBXProject section */

/* Begin PBXResourcesBuildPhase section */
		075284F81C0E00F800750687 /* Resources */ = {
			isa = PBXResourcesBuildPhase;
			buildActionMask = 2147483647;
			files = (
				075285081C0E00F800750687 /* LaunchScreen.storyboard in Resources */,
				075285051C0E00F800750687 /* Assets.xcassets in Resources */,
				075285031C0E00F800750687 /* Main.storyboard in Resources */,
			);
			runOnlyForDeploymentPostprocessing = 0;
		};
/* End PBXResourcesBuildPhase section */

/* Begin PBXSourcesBuildPhase section */
		075284F61C0E00F800750687 /* Sources */ = {
			isa = PBXSourcesBuildPhase;
			buildActionMask = 2147483647;
			files = (
				075285121C0E08B400750687 /* TableData.swift in Sources */,
				075285001C0E00F800750687 /* ViewController.swift in Sources */,
				075285101C0E023D00750687 /* TableViewMediator.swift in Sources */,
				075284FE1C0E00F800750687 /* AppDelegate.swift in Sources */,
			);
			runOnlyForDeploymentPostprocessing = 0;
		};
/* End PBXSourcesBuildPhase section */

/* Begin PBXVariantGroup section */
		075285011C0E00F800750687 /* Main.storyboard */ = {
			isa = PBXVariantGroup;
			children = (
				075285021C0E00F800750687 /* Base */,
			);
			name = Main.storyboard;
			sourceTree = "<group>";
		};
		075285061C0E00F800750687 /* LaunchScreen.storyboard */ = {
			isa = PBXVariantGroup;
			children = (
				075285071C0E00F800750687 /* Base */,
			);
			name = LaunchScreen.storyboard;
			sourceTree = "<group>";
		};
/* End PBXVariantGroup section */

/* Begin XCBuildConfiguration section */
		0752850A1C0E00F800750687 /* Debug */ = {
			isa = XCBuildConfiguration;
			buildSettings = {
				ALWAYS_SEARCH_USER_PATHS = NO;
				CLANG_CXX_LANGUAGE_STANDARD = "gnu++0x";
				CLANG_CXX_LIBRARY = "libc++";
				CLANG_ENABLE_MODULES = YES;
				CLANG_ENABLE_OBJC_ARC = YES;
				CLANG_WARN_BOOL_CONVERSION = YES;
				CLANG_WARN_CONSTANT_CONVERSION = YES;
				CLANG_WARN_DIRECT_OBJC_ISA_USAGE = YES_ERROR;
				CLANG_WARN_EMPTY_BODY = YES;
				CLANG_WARN_ENUM_CONVERSION = YES;
				CLANG_WARN_INT_CONVERSION = YES;
				CLANG_WARN_OBJC_ROOT_CLASS = YES_ERROR;
				CLANG_WARN_UNREACHABLE_CODE = YES;
				CLANG_WARN__DUPLICATE_METHOD_MATCH = YES;
				"CODE_SIGN_IDENTITY[sdk=iphoneos*]" = "iPhone Developer";
				COPY_PHASE_STRIP = NO;
				DEBUG_INFORMATION_FORMAT = dwarf;
				ENABLE_STRICT_OBJC_MSGSEND = YES;
				ENABLE_TESTABILITY = YES;
				GCC_C_LANGUAGE_STANDARD = gnu99;
				GCC_DYNAMIC_NO_PIC = NO;
				GCC_NO_COMMON_BLOCKS = YES;
				GCC_OPTIMIZATION_LEVEL = 0;
				GCC_PREPROCESSOR_DEFINITIONS = (
					"DEBUG=1",
					"$(inherited)",
				);
				GCC_WARN_64_TO_32_BIT_CONVERSION = YES;
				GCC_WARN_ABOUT_RETURN_TYPE = YES_ERROR;
				GCC_WARN_UNDECLARED_SELECTOR = YES;
				GCC_WARN_UNINITIALIZED_AUTOS = YES_AGGRESSIVE;
				GCC_WARN_UNUSED_FUNCTION = YES;
				GCC_WARN_UNUSED_VARIABLE = YES;
				IPHONEOS_DEPLOYMENT_TARGET = 9.1;
				MTL_ENABLE_DEBUG_INFO = YES;
				ONLY_ACTIVE_ARCH = YES;
				SDKROOT = iphoneos;
				SWIFT_OPTIMIZATION_LEVEL = "-Onone";
				TARGETED_DEVICE_FAMILY = "1,2";
			};
			name = Debug;
		};
		0752850B1C0E00F800750687 /* Release */ = {
			isa = XCBuildConfiguration;
			buildSettings = {
				ALWAYS_SEARCH_USER_PATHS = NO;
				CLANG_CXX_LANGUAGE_STANDARD = "gnu++0x";
				CLANG_CXX_LIBRARY = "libc++";
				CLANG_ENABLE_MODULES = YES;
				CLANG_ENABLE_OBJC_ARC = YES;
				CLANG_WARN_BOOL_CONVERSION = YES;
				CLANG_WARN_CONSTANT_CONVERSION = YES;
				CLANG_WARN_DIRECT_OBJC_ISA_USAGE = YES_ERROR;
				CLANG_WARN_EMPTY_BODY = YES;
				CLANG_WARN_ENUM_CONVERSION = YES;
				CLANG_WARN_INT_CONVERSION = YES;
				CLANG_WARN_OBJC_ROOT_CLASS = YES_ERROR;
				CLANG_WARN_UNREACHABLE_CODE = YES;
				CLANG_WARN__DUPLICATE_METHOD_MATCH = YES;
				"CODE_SIGN_IDENTITY[sdk=iphoneos*]" = "iPhone Developer";
				COPY_PHASE_STRIP = NO;
				DEBUG_INFORMATION_FORMAT = "dwarf-with-dsym";
				ENABLE_NS_ASSERTIONS = NO;
				ENABLE_STRICT_OBJC_MSGSEND = YES;
				GCC_C_LANGUAGE_STANDARD = gnu99;
				GCC_NO_COMMON_BLOCKS = YES;
				GCC_WARN_64_TO_32_BIT_CONVERSION = YES;
				GCC_WARN_ABOUT_RETURN_TYPE = YES_ERROR;
				GCC_WARN_UNDECLARED_SELECTOR = YES;
				GCC_WARN_UNINITIALIZED_AUTOS = YES_AGGRESSIVE;
				GCC_WARN_UNUSED_FUNCTION = YES;
				GCC_WARN_UNUSED_VARIABLE = YES;
				IPHONEOS_DEPLOYMENT_TARGET = 9.1;
				MTL_ENABLE_DEBUG_INFO = NO;
				SDKROOT = iphoneos;
				TARGETED_DEVICE_FAMILY = "1,2";
				VALIDATE_PRODUCT = YES;
			};
			name = Release;
		};
		0752850D1C0E00F800750687 /* Debug */ = {
			isa = XCBuildConfiguration;
			buildSettings = {
				ASSETCATALOG_COMPILER_APPICON_NAME = AppIcon;
				INFOPLIST_FILE = DataViewMediator/Info.plist;
				LD_RUNPATH_SEARCH_PATHS = "$(inherited) @executable_path/Frameworks";
				PRODUCT_BUNDLE_IDENTIFIER = blog.DataViewMediator;
				PRODUCT_NAME = "$(TARGET_NAME)";
			};
			name = Debug;
		};
		0752850E1C0E00F800750687 /* Release */ = {
			isa = XCBuildConfiguration;
			buildSettings = {
				ASSETCATALOG_COMPILER_APPICON_NAME = AppIcon;
				INFOPLIST_FILE = DataViewMediator/Info.plist;
				LD_RUNPATH_SEARCH_PATHS = "$(inherited) @executable_path/Frameworks";
				PRODUCT_BUNDLE_IDENTIFIER = blog.DataViewMediator;
				PRODUCT_NAME = "$(TARGET_NAME)";
			};
			name = Release;
		};
/* End XCBuildConfiguration section */

/* Begin XCConfigurationList section */
		075284F51C0E00F800750687 /* Build configuration list for PBXProject "DataViewMediator" */ = {
			isa = XCConfigurationList;
			buildConfigurations = (
				0752850A1C0E00F800750687 /* Debug */,
				0752850B1C0E00F800750687 /* Release */,
			);
			defaultConfigurationIsVisible = 0;
			defaultConfigurationName = Release;
		};
		0752850C1C0E00F800750687 /* Build configuration list for PBXNativeTarget "DataViewMediator" */ = {
			isa = XCConfigurationList;
			buildConfigurations = (
				0752850D1C0E00F800750687 /* Debug */,
				0752850E1C0E00F800750687 /* Release */,
			);
			defaultConfigurationIsVisible = 0;
		};
/* End XCConfigurationList section */
	};
	rootObject = 075284F21C0E00F800750687 /* Project object */;
}
